
Microsoft Visual Studio Solution File, Format Version 12.00
# Visual Studio Version 17
VisualStudioVersion = 17.5.33530.505
MinimumVisualStudioVersion = 10.0.40219.1
Project("{9A19103F-16F7-4668-BE54-9A1E7A4F7556}") = "Entidades", "Entidades\Entidades.csproj", "{D29AB154-0B00-4174-A96D-20D9FBA4FA85}"
EndProject
Project("{9A19103F-16F7-4668-BE54-9A1E7A4F7556}") = "FORMULARIOS", "FORMULARIOS\FORMULARIOS.csproj", "{9F9E0F38-93F8-47FA-9DD5-69370D35BB54}"
EndProject
Project("{9A19103F-16F7-4668-BE54-9A1E7A4F7556}") = "GeneralaTestUnitario", "GeneralaTestUnitario\GeneralaTestUnitario.csproj", "{E68E7DC2-80C6-4A98-841C-367FDB40CE21}"
EndProject
Global
	GlobalSection(SolutionConfigurationPlatforms) = preSolution
		Debug|Any CPU = Debug|Any CPU
		Release|Any CPU = Release|Any CPU
	EndGlobalSection
	GlobalSection(ProjectConfigurationPlatforms) = postSolution
		{D29AB154-0B00-4174-A96D-20D9FBA4FA85}.Debug|Any CPU.ActiveCfg = Debug|Any CPU
		{D29AB154-0B00-4174-A96D-20D9FBA4FA85}.Debug|Any CPU.Build.0 = Debug|Any CPU
		{D29AB154-0B00-4174-A96D-20D9FBA4FA85}.Release|Any CPU.ActiveCfg = Release|Any CPU
		{D29AB154-0B00-4174-A96D-20D9FBA4FA85}.Release|Any CPU.Build.0 = Release|Any CPU
		{9F9E0F38-93F8-47FA-9DD5-69370D35BB54}.Debug|Any CPU.ActiveCfg = Debug|Any CPU
		{9F9E0F38-93F8-47FA-9DD5-69370D35BB54}.Debug|Any CPU.Build.0 = Debug|Any CPU
		{9F9E0F38-93F8-47FA-9DD5-69370D35BB54}.Release|Any CPU.ActiveCfg = Release|Any CPU
		{9F9E0F38-93F8-47FA-9DD5-69370D35BB54}.Release|Any CPU.Build.0 = Release|Any CPU
		{E68E7DC2-80C6-4A98-841C-367FDB40CE21}.Debug|Any CPU.ActiveCfg = Debug|Any CPU
		{E68E7DC2-80C6-4A98-841C-367FDB40CE21}.Debug|Any CPU.Build.0 = Debug|Any CPU
		{E68E7DC2-80C6-4A98-841C-367FDB40CE21}.Release|Any CPU.ActiveCfg = Release|Any CPU
		{E68E7DC2-80C6-4A98-841C-367FDB40CE21}.Release|Any CPU.Build.0 = Release|Any CPU
	EndGlobalSection
	GlobalSection(SolutionProperties) = preSolution
		HideSolutionNode = FALSE
	EndGlobalSection
	GlobalSection(ExtensibilityGlobals) = postSolution
		SolutionGuid = {A4B05BC5-7337-45A9-99B4-662769A74516}
	EndGlobalSection
EndGlobal
